{
	"requires": true,
	"lockfileVersion": 1,
	"dependencies": {
		"@webgpu/glslang": {
			"version": "0.0.15",
			"resolved": "https://registry.npmjs.org/@webgpu/glslang/-/glslang-0.0.15.tgz",
			"integrity": "sha512-niT+Prh3Aff8Uf1MVBVUsaNjFj9rJAKDXuoHIKiQbB+6IUP/3J3JIhBNyZ7lDhytvXxw6ppgnwKZdDJ08UMj4Q=="
		}
	}
}
